{
  "nodes": {
    "nixpkgs": {
      "locked": {
        "lastModified": 1678298120,
        "narHash": "sha256-iaV5xqgn29xy765Js3EoZePQyZIlLZA3pTYtTnKkejg=",
        "owner": "NixOS",
        "repo": "nixpkgs",
        "rev": "1e383aada51b416c6c27d4884d2e258df201bc11",
        "type": "github"
      },
      "original": {
        "id": "nixpkgs",
        "type": "indirect"
      }
    },
    "root": {
      "inputs": {
        "nixpkgs": "nixpkgs"
      }
    }
  },
  "root": "root",
  "version": 7
}
